
Microsoft Visual Studio Solution File, Format Version 12.00
# Visual Studio Version 17
VisualStudioVersion = 17.0.32014.148
MinimumVisualStudioVersion = 10.0.40219.1
Project("{FAE04EC0-301F-11D3-BF4B-00C04F79EFBC}") = "LoanCalculatorWepApp", "LoanCalculatorWepApp\LoanCalculatorWepApp.csproj", "{7937BFFA-B0A4-42F2-BAAD-D29953C84918}"
EndProject
Global
	GlobalSection(SolutionConfigurationPlatforms) = preSolution
		Debug|Any CPU = Debug|Any CPU
		Release|Any CPU = Release|Any CPU
	EndGlobalSection
	GlobalSection(ProjectConfigurationPlatforms) = postSolution
		{7937BFFA-B0A4-42F2-BAAD-D29953C84918}.Debug|Any CPU.ActiveCfg = Debug|Any CPU
		{7937BFFA-B0A4-42F2-BAAD-D29953C84918}.Debug|Any CPU.Build.0 = Debug|Any CPU
		{7937BFFA-B0A4-42F2-BAAD-D29953C84918}.Release|Any CPU.ActiveCfg = Release|Any CPU
		{7937BFFA-B0A4-42F2-BAAD-D29953C84918}.Release|Any CPU.Build.0 = Release|Any CPU
	EndGlobalSection
	GlobalSection(SolutionProperties) = preSolution
		HideSolutionNode = FALSE
	EndGlobalSection
	GlobalSection(ExtensibilityGlobals) = postSolution
		SolutionGuid = {0FF7B8EC-8F1C-45B4-BC8E-A22C217BC3E3}
	EndGlobalSection
EndGlobal
